
Microsoft Visual Studio Solution File, Format Version 12.00
# Visual Studio Version 17
VisualStudioVersion = 17.0.31903.59
MinimumVisualStudioVersion = 10.0.40219.1
Project("{FAE04EC0-301F-11D3-BF4B-00C04F79EFBC}") = "Assessment.Api", "Assessment.Api\Assessment.Api.csproj", "{5A2E4C7D-A2C0-40B8-A17D-2A0DD715B7A2}"
EndProject
Project("{FAE04EC0-301F-11D3-BF4B-00C04F79EFBC}") = "Assessment.Domain", "Assessment.Domain\Assessment.Domain.csproj", "{C6BC0A50-A85A-444B-B347-DFC9D9348911}"
EndProject
Project("{FAE04EC0-301F-11D3-BF4B-00C04F79EFBC}") = "Assessment.Application", "Assessment.Application\Assessment.Application.csproj", "{3EEF492A-8240-4CB5-8E85-F3A1C50930DF}"
EndProject
Project("{FAE04EC0-301F-11D3-BF4B-00C04F79EFBC}") = "Assessment.Infrastructure", "Assessment.Infrastructure\Assessment.Infrastructure.csproj", "{7E4C6429-E256-42EC-9B72-CCF506FA10E1}"
EndProject
Project("{FAE04EC0-301F-11D3-BF4B-00C04F79EFBC}") = "Assessment.Tests", "Assessment.Tests\Assessment.Tests.csproj", "{28D9545C-F392-43C7-B427-B7BDF9E24567}"
EndProject
Global
	GlobalSection(SolutionConfigurationPlatforms) = preSolution
		Debug|Any CPU = Debug|Any CPU
		Debug|x64 = Debug|x64
		Debug|x86 = Debug|x86
		Release|Any CPU = Release|Any CPU
		Release|x64 = Release|x64
		Release|x86 = Release|x86
	EndGlobalSection
	GlobalSection(ProjectConfigurationPlatforms) = postSolution
		{5A2E4C7D-A2C0-40B8-A17D-2A0DD715B7A2}.Debug|Any CPU.ActiveCfg = Debug|Any CPU
		{5A2E4C7D-A2C0-40B8-A17D-2A0DD715B7A2}.Debug|Any CPU.Build.0 = Debug|Any CPU
		{5A2E4C7D-A2C0-40B8-A17D-2A0DD715B7A2}.Debug|x64.ActiveCfg = Debug|Any CPU
		{5A2E4C7D-A2C0-40B8-A17D-2A0DD715B7A2}.Debug|x64.Build.0 = Debug|Any CPU
		{5A2E4C7D-A2C0-40B8-A17D-2A0DD715B7A2}.Debug|x86.ActiveCfg = Debug|Any CPU
		{5A2E4C7D-A2C0-40B8-A17D-2A0DD715B7A2}.Debug|x86.Build.0 = Debug|Any CPU
		{5A2E4C7D-A2C0-40B8-A17D-2A0DD715B7A2}.Release|Any CPU.ActiveCfg = Release|Any CPU
		{5A2E4C7D-A2C0-40B8-A17D-2A0DD715B7A2}.Release|Any CPU.Build.0 = Release|Any CPU
		{5A2E4C7D-A2C0-40B8-A17D-2A0DD715B7A2}.Release|x64.ActiveCfg = Release|Any CPU
		{5A2E4C7D-A2C0-40B8-A17D-2A0DD715B7A2}.Release|x64.Build.0 = Release|Any CPU
		{5A2E4C7D-A2C0-40B8-A17D-2A0DD715B7A2}.Release|x86.ActiveCfg = Release|Any CPU
		{5A2E4C7D-A2C0-40B8-A17D-2A0DD715B7A2}.Release|x86.Build.0 = Release|Any CPU
		{C6BC0A50-A85A-444B-B347-DFC9D9348911}.Debug|Any CPU.ActiveCfg = Debug|Any CPU
		{C6BC0A50-A85A-444B-B347-DFC9D9348911}.Debug|Any CPU.Build.0 = Debug|Any CPU
		{C6BC0A50-A85A-444B-B347-DFC9D9348911}.Debug|x64.ActiveCfg = Debug|Any CPU
		{C6BC0A50-A85A-444B-B347-DFC9D9348911}.Debug|x64.Build.0 = Debug|Any CPU
		{C6BC0A50-A85A-444B-B347-DFC9D9348911}.Debug|x86.ActiveCfg = Debug|Any CPU
		{C6BC0A50-A85A-444B-B347-DFC9D9348911}.Debug|x86.Build.0 = Debug|Any CPU
		{C6BC0A50-A85A-444B-B347-DFC9D9348911}.Release|Any CPU.ActiveCfg = Release|Any CPU
		{C6BC0A50-A85A-444B-B347-DFC9D9348911}.Release|Any CPU.Build.0 = Release|Any CPU
		{C6BC0A50-A85A-444B-B347-DFC9D9348911}.Release|x64.ActiveCfg = Release|Any CPU
		{C6BC0A50-A85A-444B-B347-DFC9D9348911}.Release|x64.Build.0 = Release|Any CPU
		{C6BC0A50-A85A-444B-B347-DFC9D9348911}.Release|x86.ActiveCfg = Release|Any CPU
		{C6BC0A50-A85A-444B-B347-DFC9D9348911}.Release|x86.Build.0 = Release|Any CPU
		{3EEF492A-8240-4CB5-8E85-F3A1C50930DF}.Debug|Any CPU.ActiveCfg = Debug|Any CPU
		{3EEF492A-8240-4CB5-8E85-F3A1C50930DF}.Debug|Any CPU.Build.0 = Debug|Any CPU
		{3EEF492A-8240-4CB5-8E85-F3A1C50930DF}.Debug|x64.ActiveCfg = Debug|Any CPU
		{3EEF492A-8240-4CB5-8E85-F3A1C50930DF}.Debug|x64.Build.0 = Debug|Any CPU
		{3EEF492A-8240-4CB5-8E85-F3A1C50930DF}.Debug|x86.ActiveCfg = Debug|Any CPU
		{3EEF492A-8240-4CB5-8E85-F3A1C50930DF}.Debug|x86.Build.0 = Debug|Any CPU
		{3EEF492A-8240-4CB5-8E85-F3A1C50930DF}.Release|Any CPU.ActiveCfg = Release|Any CPU
		{3EEF492A-8240-4CB5-8E85-F3A1C50930DF}.Release|Any CPU.Build.0 = Release|Any CPU
		{3EEF492A-8240-4CB5-8E85-F3A1C50930DF}.Release|x64.ActiveCfg = Release|Any CPU
		{3EEF492A-8240-4CB5-8E85-F3A1C50930DF}.Release|x64.Build.0 = Release|Any CPU
		{3EEF492A-8240-4CB5-8E85-F3A1C50930DF}.Release|x86.ActiveCfg = Release|Any CPU
		{3EEF492A-8240-4CB5-8E85-F3A1C50930DF}.Release|x86.Build.0 = Release|Any CPU
		{7E4C6429-E256-42EC-9B72-CCF506FA10E1}.Debug|Any CPU.ActiveCfg = Debug|Any CPU
		{7E4C6429-E256-42EC-9B72-CCF506FA10E1}.Debug|Any CPU.Build.0 = Debug|Any CPU
		{7E4C6429-E256-42EC-9B72-CCF506FA10E1}.Debug|x64.ActiveCfg = Debug|Any CPU
		{7E4C6429-E256-42EC-9B72-CCF506FA10E1}.Debug|x64.Build.0 = Debug|Any CPU
		{7E4C6429-E256-42EC-9B72-CCF506FA10E1}.Debug|x86.ActiveCfg = Debug|Any CPU
		{7E4C6429-E256-42EC-9B72-CCF506FA10E1}.Debug|x86.Build.0 = Debug|Any CPU
		{7E4C6429-E256-42EC-9B72-CCF506FA10E1}.Release|Any CPU.ActiveCfg = Release|Any CPU
		{7E4C6429-E256-42EC-9B72-CCF506FA10E1}.Release|Any CPU.Build.0 = Release|Any CPU
		{7E4C6429-E256-42EC-9B72-CCF506FA10E1}.Release|x64.ActiveCfg = Release|Any CPU
		{7E4C6429-E256-42EC-9B72-CCF506FA10E1}.Release|x64.Build.0 = Release|Any CPU
		{7E4C6429-E256-42EC-9B72-CCF506FA10E1}.Release|x86.ActiveCfg = Release|Any CPU
		{7E4C6429-E256-42EC-9B72-CCF506FA10E1}.Release|x86.Build.0 = Release|Any CPU
		{28D9545C-F392-43C7-B427-B7BDF9E24567}.Debug|Any CPU.ActiveCfg = Debug|Any CPU
		{28D9545C-F392-43C7-B427-B7BDF9E24567}.Debug|Any CPU.Build.0 = Debug|Any CPU
		{28D9545C-F392-43C7-B427-B7BDF9E24567}.Debug|x64.ActiveCfg = Debug|Any CPU
		{28D9545C-F392-43C7-B427-B7BDF9E24567}.Debug|x64.Build.0 = Debug|Any CPU
		{28D9545C-F392-43C7-B427-B7BDF9E24567}.Debug|x86.ActiveCfg = Debug|Any CPU
		{28D9545C-F392-43C7-B427-B7BDF9E24567}.Debug|x86.Build.0 = Debug|Any CPU
		{28D9545C-F392-43C7-B427-B7BDF9E24567}.Release|Any CPU.ActiveCfg = Release|Any CPU
		{28D9545C-F392-43C7-B427-B7BDF9E24567}.Release|Any CPU.Build.0 = Release|Any CPU
		{28D9545C-F392-43C7-B427-B7BDF9E24567}.Release|x64.ActiveCfg = Release|Any CPU
		{28D9545C-F392-43C7-B427-B7BDF9E24567}.Release|x64.Build.0 = Release|Any CPU
		{28D9545C-F392-43C7-B427-B7BDF9E24567}.Release|x86.ActiveCfg = Release|Any CPU
		{28D9545C-F392-43C7-B427-B7BDF9E24567}.Release|x86.Build.0 = Release|Any CPU
	EndGlobalSection
	GlobalSection(SolutionProperties) = preSolution
		HideSolutionNode = FALSE
	EndGlobalSection
EndGlobal
